// !$*UTF8*$!
{
	archiveVersion = 1;
	classes = {
	};
	objectVersion = 46;
	objects = {

/* Begin PBXBuildFile section */
		585F10C41EAAF00D00E5AF0C /* SwiftyJSON.swift in Sources */ = {isa = PBXBuildFile; fileRef = 585F10C31EAAF00D00E5AF0C /* SwiftyJSON.swift */; };
		585F11201EAB26CB00E5AF0C /* AcceptViewController.swift in Sources */ = {isa = PBXBuildFile; fileRef = 585F111F1EAB26CB00E5AF0C /* AcceptViewController.swift */; };
		58CE5C741EAA2CCD001A3E07 /* AppDelegate.swift in Sources */ = {isa = PBXBuildFile; fileRef = 58CE5C731EAA2CCD001A3E07 /* AppDelegate.swift */; };
		58CE5C761EAA2CCD001A3E07 /* ViewController.swift in Sources */ = {isa = PBXBuildFile; fileRef = 58CE5C751EAA2CCD001A3E07 /* ViewController.swift */; };
		58CE5C791EAA2CCD001A3E07 /* Main.storyboard in Resources */ = {isa = PBXBuildFile; fileRef = 58CE5C771EAA2CCD001A3E07 /* Main.storyboard */; };
		58CE5C7B1EAA2CCD001A3E07 /* Assets.xcassets in Resources */ = {isa = PBXBuildFile; fileRef = 58CE5C7A1EAA2CCD001A3E07 /* Assets.xcassets */; };
		58CE5C7E1EAA2CCD001A3E07 /* LaunchScreen.storyboard in Resources */ = {isa = PBXBuildFile; fileRef = 58CE5C7C1EAA2CCD001A3E07 /* LaunchScreen.storyboard */; };
/* End PBXBuildFile section */

/* Begin PBXFileReference section */
		585F10C31EAAF00D00E5AF0C /* SwiftyJSON.swift */ = {isa = PBXFileReference; fileEncoding = 4; lastKnownFileType = sourcecode.swift; path = SwiftyJSON.swift; sourceTree = "<group>"; };
		585F111F1EAB26CB00E5AF0C /* AcceptViewController.swift */ = {isa = PBXFileReference; fileEncoding = 4; lastKnownFileType = sourcecode.swift; path = AcceptViewController.swift; sourceTree = "<group>"; };
		58CE5C701EAA2CCD001A3E07 /* MyCamera.app */ = {isa = PBXFileReference; explicitFileType = wrapper.application; includeInIndex = 0; path = MyCamera.app; sourceTree = BUILT_PRODUCTS_DIR; };
		58CE5C731EAA2CCD001A3E07 /* AppDelegate.swift */ = {isa = PBXFileReference; lastKnownFileType = sourcecode.swift; path = AppDelegate.swift; sourceTree = "<group>"; };
		58CE5C751EAA2CCD001A3E07 /* ViewController.swift */ = {isa = PBXFileReference; lastKnownFileType = sourcecode.swift; path = ViewController.swift; sourceTree = "<group>"; };
		58CE5C781EAA2CCD001A3E07 /* Base */ = {isa = PBXFileReference; lastKnownFileType = file.storyboard; name = Base; path = Base.lproj/Main.storyboard; sourceTree = "<group>"; };
		58CE5C7A1EAA2CCD001A3E07 /* Assets.xcassets */ = {isa = PBXFileReference; lastKnownFileType = folder.assetcatalog; path = Assets.xcassets; sourceTree = "<group>"; };
		58CE5C7D1EAA2CCD001A3E07 /* Base */ = {isa = PBXFileReference; lastKnownFileType = file.storyboard; name = Base; path = Base.lproj/LaunchScreen.storyboard; sourceTree = "<group>"; };
		58CE5C7F1EAA2CCD001A3E07 /* Info.plist */ = {isa = PBXFileReference; lastKnownFileType = text.plist.xml; path = Info.plist; sourceTree = "<group>"; };
/* End PBXFileReference section */

/* Begin PBXFrameworksBuildPhase section */
		58CE5C6D1EAA2CCD001A3E07 /* Frameworks */ = {
			isa = PBXFrameworksBuildPhase;
			buildActionMask = 2147483647;
			files = (
			);
			runOnlyForDeploymentPostprocessing = 0;
		};
/* End PBXFrameworksBuildPhase section */

/* Begin PBXGroup section */
		58CE5C671EAA2CCD001A3E07 = {
			isa = PBXGroup;
			children = (
				58CE5C721EAA2CCD001A3E07 /* MyCamera */,
				58CE5C711EAA2CCD001A3E07 /* Products */,
			);
			sourceTree = "<group>";
		};
		58CE5C711EAA2CCD001A3E07 /* Products */ = {
			isa = PBXGroup;
			children = (
				58CE5C701EAA2CCD001A3E07 /* MyCamera.app */,
			);
			name = Products;
			sourceTree = "<group>";
		};
		58CE5C721EAA2CCD001A3E07 /* MyCamera */ = {
			isa = PBXGroup;
			children = (
				58CE5C731EAA2CCD001A3E07 /* AppDelegate.swift */,
				58CE5C751EAA2CCD001A3E07 /* ViewController.swift */,
				585F111F1EAB26CB00E5AF0C /* AcceptViewController.swift */,
				585F10C31EAAF00D00E5AF0C /* SwiftyJSON.swift */,
				58CE5C771EAA2CCD001A3E07 /* Main.storyboard */,
				58CE5C7A1EAA2CCD001A3E07 /* Assets.xcassets */,
				58CE5C7C1EAA2CCD001A3E07 /* LaunchScreen.storyboard */,
				58CE5C7F1EAA2CCD001A3E07 /* Info.plist */,
			);
			path = MyCamera;
			sourceTree = "<group>";
		};
/* End PBXGroup section */

/* Begin PBXNativeTarget section */
		58CE5C6F1EAA2CCD001A3E07 /* MyCamera */ = {
			isa = PBXNativeTarget;
			buildConfigurationList = 58CE5C821EAA2CCD001A3E07 /* Build configuration list for PBXNativeTarget "MyCamera" */;
			buildPhases = (
				58CE5C6C1EAA2CCD001A3E07 /* Sources */,
				58CE5C6D1EAA2CCD001A3E07 /* Frameworks */,
				58CE5C6E1EAA2CCD001A3E07 /* Resources */,
			);
			buildRules = (
			);
			dependencies = (
			);
			name = MyCamera;
			productName = MyCamera;
			productReference = 58CE5C701EAA2CCD001A3E07 /* MyCamera.app */;
			productType = "com.apple.product-type.application";
		};
/* End PBXNativeTarget section */

/* Begin PBXProject section */
		58CE5C681EAA2CCD001A3E07 /* Project object */ = {
			isa = PBXProject;
			attributes = {
				LastSwiftUpdateCheck = 0820;
				LastUpgradeCheck = 0820;
				ORGANIZATIONNAME = "Risa M";
				TargetAttributes = {
					58CE5C6F1EAA2CCD001A3E07 = {
						CreatedOnToolsVersion = 8.2.1;
						DevelopmentTeam = Z7NYLX2X6W;
						ProvisioningStyle = Automatic;
					};
				};
			};
			buildConfigurationList = 58CE5C6B1EAA2CCD001A3E07 /* Build configuration list for PBXProject "MyCamera" */;
			compatibilityVersion = "Xcode 3.2";
			developmentRegion = English;
			hasScannedForEncodings = 0;
			knownRegions = (
				en,
				Base,
			);
			mainGroup = 58CE5C671EAA2CCD001A3E07;
			productRefGroup = 58CE5C711EAA2CCD001A3E07 /* Products */;
			projectDirPath = "";
			projectRoot = "";
			targets = (
				58CE5C6F1EAA2CCD001A3E07 /* MyCamera */,
			);
		};
/* End PBXProject section */

/* Begin PBXResourcesBuildPhase section */
		58CE5C6E1EAA2CCD001A3E07 /* Resources */ = {
			isa = PBXResourcesBuildPhase;
			buildActionMask = 2147483647;
			files = (
				58CE5C7E1EAA2CCD001A3E07 /* LaunchScreen.storyboard in Resources */,
				58CE5C7B1EAA2CCD001A3E07 /* Assets.xcassets in Resources */,
				58CE5C791EAA2CCD001A3E07 /* Main.storyboard in Resources */,
			);
			runOnlyForDeploymentPostprocessing = 0;
		};
/* End PBXResourcesBuildPhase section */

/* Begin PBXSourcesBuildPhase section */
		58CE5C6C1EAA2CCD001A3E07 /* Sources */ = {
			isa = PBXSourcesBuildPhase;
			buildActionMask = 2147483647;
			files = (
				585F11201EAB26CB00E5AF0C /* AcceptViewController.swift in Sources */,
				585F10C41EAAF00D00E5AF0C /* SwiftyJSON.swift in Sources */,
				58CE5C761EAA2CCD001A3E07 /* ViewController.swift in Sources */,
				58CE5C741EAA2CCD001A3E07 /* AppDelegate.swift in Sources */,
			);
			runOnlyForDeploymentPostprocessing = 0;
		};
/* End PBXSourcesBuildPhase section */

/* Begin PBXVariantGroup section */
		58CE5C771EAA2CCD001A3E07 /* Main.storyboard */ = {
			isa = PBXVariantGroup;
			children = (
				58CE5C781EAA2CCD001A3E07 /* Base */,
			);
			name = Main.storyboard;
			sourceTree = "<group>";
		};
		58CE5C7C1EAA2CCD001A3E07 /* LaunchScreen.storyboard */ = {
			isa = PBXVariantGroup;
			children = (
				58CE5C7D1EAA2CCD001A3E07 /* Base */,
			);
			name = LaunchScreen.storyboard;
			sourceTree = "<group>";
		};
/* End PBXVariantGroup section */

/* Begin XCBuildConfiguration section */
		58CE5C801EAA2CCD001A3E07 /* Debug */ = {
			isa = XCBuildConfiguration;
			buildSettings = {
				ALWAYS_SEARCH_USER_PATHS = NO;
				CLANG_ANALYZER_NONNULL = YES;
				CLANG_CXX_LANGUAGE_STANDARD = "gnu++0x";
				CLANG_CXX_LIBRARY = "libc++";
				CLANG_ENABLE_MODULES = YES;
				CLANG_ENABLE_OBJC_ARC = YES;
				CLANG_WARN_BOOL_CONVERSION = YES;
				CLANG_WARN_CONSTANT_CONVERSION = YES;
				CLANG_WARN_DIRECT_OBJC_ISA_USAGE = YES_ERROR;
				CLANG_WARN_DOCUMENTATION_COMMENTS = YES;
				CLANG_WARN_EMPTY_BODY = YES;
				CLANG_WARN_ENUM_CONVERSION = YES;
				CLANG_WARN_INFINITE_RECURSION = YES;
				CLANG_WARN_INT_CONVERSION = YES;
				CLANG_WARN_OBJC_ROOT_CLASS = YES_ERROR;
				CLANG_WARN_SUSPICIOUS_MOVE = YES;
				CLANG_WARN_UNREACHABLE_CODE = YES;
				CLANG_WARN__DUPLICATE_METHOD_MATCH = YES;
				"CODE_SIGN_IDENTITY[sdk=iphoneos*]" = "iPhone Developer";
				COPY_PHASE_STRIP = NO;
				DEBUG_INFORMATION_FORMAT = dwarf;
				ENABLE_STRICT_OBJC_MSGSEND = YES;
				ENABLE_TESTABILITY = YES;
				GCC_C_LANGUAGE_STANDARD = gnu99;
				GCC_DYNAMIC_NO_PIC = NO;
				GCC_NO_COMMON_BLOCKS = YES;
				GCC_OPTIMIZATION_LEVEL = 0;
				GCC_PREPROCESSOR_DEFINITIONS = (
					"DEBUG=1",
					"$(inherited)",
				);
				GCC_WARN_64_TO_32_BIT_CONVERSION = YES;
				GCC_WARN_ABOUT_RETURN_TYPE = YES_ERROR;
				GCC_WARN_UNDECLARED_SELECTOR = YES;
				GCC_WARN_UNINITIALIZED_AUTOS = YES_AGGRESSIVE;
				GCC_WARN_UNUSED_FUNCTION = YES;
				GCC_WARN_UNUSED_VARIABLE = YES;
				IPHONEOS_DEPLOYMENT_TARGET = 10.2;
				MTL_ENABLE_DEBUG_INFO = YES;
				ONLY_ACTIVE_ARCH = YES;
				SDKROOT = iphoneos;
				SWIFT_ACTIVE_COMPILATION_CONDITIONS = DEBUG;
				SWIFT_OPTIMIZATION_LEVEL = "-Onone";
				TARGETED_DEVICE_FAMILY = "1,2";
			};
			name = Debug;
		};
		58CE5C811EAA2CCD001A3E07 /* Release */ = {
			isa = XCBuildConfiguration;
			buildSettings = {
				ALWAYS_SEARCH_USER_PATHS = NO;
				CLANG_ANALYZER_NONNULL = YES;
				CLANG_CXX_LANGUAGE_STANDARD = "gnu++0x";
				CLANG_CXX_LIBRARY = "libc++";
				CLANG_ENABLE_MODULES = YES;
				CLANG_ENABLE_OBJC_ARC = YES;
				CLANG_WARN_BOOL_CONVERSION = YES;
				CLANG_WARN_CONSTANT_CONVERSION = YES;
				CLANG_WARN_DIRECT_OBJC_ISA_USAGE = YES_ERROR;
				CLANG_WARN_DOCUMENTATION_COMMENTS = YES;
				CLANG_WARN_EMPTY_BODY = YES;
				CLANG_WARN_ENUM_CONVERSION = YES;
				CLANG_WARN_INFINITE_RECURSION = YES;
				CLANG_WARN_INT_CONVERSION = YES;
				CLANG_WARN_OBJC_ROOT_CLASS = YES_ERROR;
				CLANG_WARN_SUSPICIOUS_MOVE = YES;
				CLANG_WARN_UNREACHABLE_CODE = YES;
				CLANG_WARN__DUPLICATE_METHOD_MATCH = YES;
				"CODE_SIGN_IDENTITY[sdk=iphoneos*]" = "iPhone Developer";
				COPY_PHASE_STRIP = NO;
				DEBUG_INFORMATION_FORMAT = "dwarf-with-dsym";
				ENABLE_NS_ASSERTIONS = NO;
				ENABLE_STRICT_OBJC_MSGSEND = YES;
				GCC_C_LANGUAGE_STANDARD = gnu99;
				GCC_NO_COMMON_BLOCKS = YES;
				GCC_WARN_64_TO_32_BIT_CONVERSION = YES;
				GCC_WARN_ABOUT_RETURN_TYPE = YES_ERROR;
				GCC_WARN_UNDECLARED_SELECTOR = YES;
				GCC_WARN_UNINITIALIZED_AUTOS = YES_AGGRESSIVE;
				GCC_WARN_UNUSED_FUNCTION = YES;
				GCC_WARN_UNUSED_VARIABLE = YES;
				IPHONEOS_DEPLOYMENT_TARGET = 10.2;
				MTL_ENABLE_DEBUG_INFO = NO;
				SDKROOT = iphoneos;
				SWIFT_OPTIMIZATION_LEVEL = "-Owholemodule";
				TARGETED_DEVICE_FAMILY = "1,2";
				VALIDATE_PRODUCT = YES;
			};
			name = Release;
		};
		58CE5C831EAA2CCD001A3E07 /* Debug */ = {
			isa = XCBuildConfiguration;
			buildSettings = {
				ASSETCATALOG_COMPILER_APPICON_NAME = AppIcon;
				DEVELOPMENT_TEAM = Z7NYLX2X6W;
				INFOPLIST_FILE = MyCamera/Info.plist;
				LD_RUNPATH_SEARCH_PATHS = "$(inherited) @executable_path/Frameworks";
				PRODUCT_BUNDLE_IDENTIFIER = "Risa-M.MyCamera";
				PRODUCT_NAME = "$(TARGET_NAME)";
				SWIFT_VERSION = 3.0;
			};
			name = Debug;
		};
		58CE5C841EAA2CCD001A3E07 /* Release */ = {
			isa = XCBuildConfiguration;
			buildSettings = {
				ASSETCATALOG_COMPILER_APPICON_NAME = AppIcon;
				DEVELOPMENT_TEAM = Z7NYLX2X6W;
				INFOPLIST_FILE = MyCamera/Info.plist;
				LD_RUNPATH_SEARCH_PATHS = "$(inherited) @executable_path/Frameworks";
				PRODUCT_BUNDLE_IDENTIFIER = "Risa-M.MyCamera";
				PRODUCT_NAME = "$(TARGET_NAME)";
				SWIFT_VERSION = 3.0;
			};
			name = Release;
		};
/* End XCBuildConfiguration section */

/* Begin XCConfigurationList section */
		58CE5C6B1EAA2CCD001A3E07 /* Build configuration list for PBXProject "MyCamera" */ = {
			isa = XCConfigurationList;
			buildConfigurations = (
				58CE5C801EAA2CCD001A3E07 /* Debug */,
				58CE5C811EAA2CCD001A3E07 /* Release */,
			);
			defaultConfigurationIsVisible = 0;
			defaultConfigurationName = Release;
		};
		58CE5C821EAA2CCD001A3E07 /* Build configuration list for PBXNativeTarget "MyCamera" */ = {
			isa = XCConfigurationList;
			buildConfigurations = (
				58CE5C831EAA2CCD001A3E07 /* Debug */,
				58CE5C841EAA2CCD001A3E07 /* Release */,
			);
			defaultConfigurationIsVisible = 0;
			defaultConfigurationName = Release;
		};
/* End XCConfigurationList section */
	};
	rootObject = 58CE5C681EAA2CCD001A3E07 /* Project object */;
}
